# THIS IS AN AUTOGENERATED FILE. DO NOT EDIT THIS FILE DIRECTLY.
# yarn lockfile v1


"@types/bcrypt@^3.0.0":
  version "3.0.0"
  resolved "https://registry.npm.taobao.org/@types/bcrypt/download/@types/bcrypt-3.0.0.tgz#851489a9065a067cb7f3c9cbe4ce9bed8bba0876"
  integrity sha1-hRSJqQZaBny388nL5M6b7Yu6CHY=
